PODS:
  - ActionSheetPicker-3.0 (2.7.1)
  - Alamofire (5.4.3)
  - FacebookCore (0.9.0):
    - FBSDKCoreKit (~> 5.0)
  - FacebookShare (0.9.0):
    - FacebookCore (~> 0.9.0)
    - FBSDKCoreKit (~> 5.0)
    - FBSDKShareKit (~> 5.0)
  - FBSDKCoreKit (5.15.1):
    - FBSDKCoreKit/Basics (= 5.15.1)
    - FBSDKCoreKit/Core (= 5.15.1)
  - FBSDKCoreKit/Basics (5.15.1)
  - FBSDKCoreKit/Core (5.15.1):
    - FBSDKCoreKit/Basics
  - FBSDKShareKit (5.15.1):
    - FBSDKShareKit/Share (= 5.15.1)
  - FBSDKShareKit/Share (5.15.1):
    - FBSDKCoreKit (~> 5.0)
  - IQKeyboardManager (6.5.6)
  - ProgressHUD (2.70)
  - SDWebImage (4.4.8):
    - SDWebImage/Core (= 4.4.8)
  - SDWebImage/Core (4.4.8)
  - SwiftyJSON (5.0.1)
  - Toast-Swift (5.0.1)
  - TwitterCore (3.2.0)
  - TwitterKit (3.4.2):
    - TwitterCore (>= 3.2.0)

DEPENDENCIES:
  - ActionSheetPicker-3.0
  - Alamofire
  - FacebookShare
  - IQKeyboardManager
  - ProgressHUD
  - SDWebImage (~> 4.4.6)
  - SwiftyJSON
  - Toast-Swift
  - TwitterKit

SPEC REPOS:
  trunk:
    - ActionSheetPicker-3.0
    - Alamofire
    - FacebookCore
    - FacebookShare
    - FBSDKCoreKit
    - FBSDKShareKit
    - IQKeyboardManager
    - ProgressHUD
    - SDWebImage
    - SwiftyJSON
    - Toast-Swift
    - TwitterCore
    - TwitterKit

SPEC CHECKSUMS:
  ActionSheetPicker-3.0: 36da254b97a09ff89679ecb8b8510bd3e5bdc773
  Alamofire: e447a2774a40c996748296fa2c55112fdbbc42f9
  FacebookCore: ba86524b66cfa86d0f8e65d08faa8504a9f732dd
  FacebookShare: 85968ad1b1606c4944fb154924e425fd29184ea5
  FBSDKCoreKit: 1d5acf7c9d7a2f92bb1a242dc60cae5b7adb91df
  FBSDKShareKit: 259737eab3cc807087374553abdf588b3096ba55
  IQKeyboardManager: 2a6e97afdafc7becf0cb17a9a8d795e3a980717f
  ProgressHUD: e603e8b8622c47d8818b9fb38b3cfe9d3e7ca421
  SDWebImage: 783af2c3fa36291a250030c4752ee370a9a51d13
  SwiftyJSON: 2f33a42c6fbc52764d96f13368585094bfd8aa5e
  Toast-Swift: 9b6a70f28b3bf0b96c40d46c0c4b9d6639846711
  TwitterCore: 8cbc9ad34d91c63a0035ea05bfbfc0d7ca72a28c
  TwitterKit: 5e4f41d70b9abdb41df5467f52d7aa2c0fd26ebb

PODFILE CHECKSUM: 9e33f7d62da079bb82b200f3541cabc6faf8ad18

COCOAPODS: 1.10.1
